<?xml version="1.0" encoding="utf-8"?>
<Project ToolsVersion="4.0" xmlns="http://schemas.microsoft.com/developer/msbuild/2003">
  <ItemGroup>
    <Filter Include="源文件">
      <UniqueIdentifier>{4FC737F1-C7A5-4376-A066-2A32D752A2FF}</UniqueIdentifier>
      <Extensions>cpp;c;cc;cxx;c++;cppm;ixx;def;odl;idl;hpj;bat;asm;asmx</Extensions>
    </Filter>
    <Filter Include="头文件">
      <UniqueIdentifier>{93995380-89BD-4b04-88EB-625FBE52EBFB}</UniqueIdentifier>
      <Extensions>h;hh;hpp;hxx;h++;hm;inl;inc;ipp;xsd</Extensions>
    </Filter>
    <Filter Include="资源文件">
      <UniqueIdentifier>{67DA6AB6-F800-4c08-8B7A-83BB121AAD01}</UniqueIdentifier>
      <Extensions>rc;ico;cur;bmp;dlg;rc2;rct;bin;rgs;gif;jpg;jpeg;jpe;resx;tiff;tif;png;wav;mfcribbon-ms</Extensions>
    </Filter>
    <Filter Include="源文件\21ACM-1">
      <UniqueIdentifier>{9dd962d2-f52a-427b-9fdc-a22b1c0ccd24}</UniqueIdentifier>
    </Filter>
    <Filter Include="源文件\VJ_STL初步">
      <UniqueIdentifier>{2581d763-39fc-4123-8d74-bb488c9c1dfe}</UniqueIdentifier>
    </Filter>
    <Filter Include="源文件\21ACM-2">
      <UniqueIdentifier>{c0151430-34c0-41d6-89c1-ead6d9ab9187}</UniqueIdentifier>
    </Filter>
    <Filter Include="源文件\CJLU21级：从0开始的ACM生活">
      <UniqueIdentifier>{5e2dd34b-01eb-47e9-ab7a-41829f30cf6b}</UniqueIdentifier>
    </Filter>
    <Filter Include="源文件\CJLU21级：从0开始的ACM生活\专题一：贪心">
      <UniqueIdentifier>{50962802-6277-45ba-ba96-75694bdfec53}</UniqueIdentifier>
    </Filter>
    <Filter Include="源文件\蓝桥杯练习">
      <UniqueIdentifier>{8dc63b11-f3a7-49f2-9010-fbbeaddeb14d}</UniqueIdentifier>
    </Filter>
    <Filter Include="源文件\21ACM-2\期末">
      <UniqueIdentifier>{fcd3d01b-afa3-4896-9bd3-9288fb9e6aef}</UniqueIdentifier>
    </Filter>
  </ItemGroup>
  <ItemGroup>
    <ClCompile Include="1 水仙花数.cpp">
      <Filter>源文件\21ACM-1</Filter>
    </ClCompile>
    <ClCompile Include="4 Fibonacci series_L1.cpp">
      <Filter>源文件\21ACM-1</Filter>
    </ClCompile>
    <ClCompile Include="6 简单计算器.cpp">
      <Filter>源文件\21ACM-1</Filter>
    </ClCompile>
    <ClCompile Include="7 Excel排序.cpp">
      <Filter>源文件\21ACM-1</Filter>
    </ClCompile>
    <ClCompile Include="3 A+B Again.cpp">
      <Filter>源文件\21ACM-1</Filter>
    </ClCompile>
    <ClCompile Include="2 猜数字游戏 - 简单版.cpp">
      <Filter>源文件\21ACM-1</Filter>
    </ClCompile>
    <ClCompile Include="5 求一元二次方程的根 - 升级版.cpp">
      <Filter>源文件\21ACM-1</Filter>
    </ClCompile>
    <ClCompile Include="test.cpp">
      <Filter>源文件\21ACM-1</Filter>
    </ClCompile>
    <ClCompile Include="8  统计单词 - 简单版.cpp">
      <Filter>源文件\21ACM-1</Filter>
    </ClCompile>
    <ClCompile Include="A - 圆桌问题.cpp">
      <Filter>源文件\VJ_STL初步</Filter>
    </ClCompile>
    <ClCompile Include="B - Text Reverse.cpp">
      <Filter>源文件\VJ_STL初步</Filter>
    </ClCompile>
    <ClCompile Include="9 统计单词 - 升级版.cpp">
      <Filter>源文件\21ACM-1</Filter>
    </ClCompile>
    <ClCompile Include="14 小明与泡泡机.cpp">
      <Filter>源文件\21ACM-1</Filter>
    </ClCompile>
    <ClCompile Include="D - Shopping.cpp">
      <Filter>源文件\VJ_STL初步</Filter>
    </ClCompile>
    <ClCompile Include="E - Ignatius and the Princess II.cpp">
      <Filter>源文件\VJ_STL初步</Filter>
    </ClCompile>
    <ClCompile Include="11 全排列.cpp">
      <Filter>源文件\21ACM-1</Filter>
    </ClCompile>
    <ClCompile Include="C - 产生冠军.cpp">
      <Filter>源文件\VJ_STL初步</Filter>
    </ClCompile>
    <ClCompile Include="19 简单的插入排序.cpp">
      <Filter>源文件\21ACM-1</Filter>
    </ClCompile>
    <ClCompile Include="20 快速排序法.cpp">
      <Filter>源文件\21ACM-1</Filter>
    </ClCompile>
    <ClCompile Include="22 Insertion or Heap Sort.cpp">
      <Filter>源文件\21ACM-1</Filter>
    </ClCompile>
    <ClCompile Include="21 Insertion or Merge Sort.cpp">
      <Filter>源文件\21ACM-1</Filter>
    </ClCompile>
    <ClCompile Include="23 判断素数.cpp">
      <Filter>源文件\21ACM-1</Filter>
    </ClCompile>
    <ClCompile Include="24 How Many Prime Numbers.cpp">
      <Filter>源文件\21ACM-1</Filter>
    </ClCompile>
    <ClCompile Include="26 月饼.cpp">
      <Filter>源文件\21ACM-1</Filter>
    </ClCompile>
    <ClCompile Include="27 水公司的服务.cpp">
      <Filter>源文件\21ACM-1</Filter>
    </ClCompile>
    <ClCompile Include="28 FatMouse%27 Trade.cpp">
      <Filter>源文件\21ACM-1</Filter>
    </ClCompile>
    <ClCompile Include="32 Tri Tiling.cpp">
      <Filter>源文件\21ACM-1</Filter>
    </ClCompile>
    <ClCompile Include="31 汉诺塔问题.cpp">
      <Filter>源文件\21ACM-1</Filter>
    </ClCompile>
    <ClCompile Include="33 RPG的染色问题.cpp">
      <Filter>源文件\21ACM-1</Filter>
    </ClCompile>
    <ClCompile Include="35 2的幂次方表示.cpp">
      <Filter>源文件\21ACM-1</Filter>
    </ClCompile>
    <ClCompile Include="34 母牛的故事.cpp">
      <Filter>源文件\21ACM-1</Filter>
    </ClCompile>
    <ClCompile Include="34 test.cpp">
      <Filter>源文件</Filter>
    </ClCompile>
    <ClCompile Include="10 功夫传人.cpp">
      <Filter>源文件\21ACM-1</Filter>
    </ClCompile>
    <ClCompile Include="36 一元三次方程.cpp">
      <Filter>源文件\21ACM-1</Filter>
    </ClCompile>
    <ClCompile Include="37 Strange Fuction.cpp">
      <Filter>源文件\21ACM-1</Filter>
    </ClCompile>
    <ClCompile Include="39 Merge Sort.cpp">
      <Filter>源文件\21ACM-1</Filter>
    </ClCompile>
    <ClCompile Include="42  大盗阿福.cpp">
      <Filter>源文件\21ACM-1</Filter>
    </ClCompile>
    <ClCompile Include="43  最长公共子序列.cpp">
      <Filter>源文件\21ACM-1</Filter>
    </ClCompile>
    <ClCompile Include="41  数字三角形.cpp">
      <Filter>源文件\21ACM-1</Filter>
    </ClCompile>
    <ClCompile Include="44  Robberies.cpp">
      <Filter>源文件\21ACM-1</Filter>
    </ClCompile>
    <ClCompile Include="45  排队.cpp">
      <Filter>源文件\21ACM-1</Filter>
    </ClCompile>
    <ClCompile Include="46  开餐馆.cpp">
      <Filter>源文件\21ACM-1</Filter>
    </ClCompile>
    <ClCompile Include="47  Zipper.cpp">
      <Filter>源文件\21ACM-1</Filter>
    </ClCompile>
    <ClCompile Include="25 N皇后问题.cpp">
      <Filter>源文件\21ACM-1</Filter>
    </ClCompile>
    <ClCompile Include="29 Muddy roads.cpp">
      <Filter>源文件\21ACM-1</Filter>
    </ClCompile>
    <ClCompile Include="30 Packets.cpp">
      <Filter>源文件\21ACM-1</Filter>
    </ClCompile>
    <ClCompile Include="38 Boolean Expressions.cpp">
      <Filter>源文件\21ACM-1</Filter>
    </ClCompile>
    <ClCompile Include="49 宠物小精灵之收服.cpp">
      <Filter>源文件\21ACM-1</Filter>
    </ClCompile>
    <ClCompile Include="15 悄悄追星族.cpp">
      <Filter>源文件\21ACM-1</Filter>
    </ClCompile>
    <ClCompile Include="16 人以群分.cpp">
      <Filter>源文件\21ACM-1</Filter>
    </ClCompile>
    <ClCompile Include="17 包装机.cpp">
      <Filter>源文件\21ACM-1</Filter>
    </ClCompile>
    <ClCompile Include="18 Doki Doki Literature Club.cpp">
      <Filter>源文件\21ACM-1</Filter>
    </ClCompile>
    <ClCompile Include="13 The Blocks Problem Again.cpp">
      <Filter>源文件\21ACM-1</Filter>
    </ClCompile>
    <ClCompile Include="1 列车调度.cpp">
      <Filter>源文件\21ACM-2</Filter>
    </ClCompile>
    <ClCompile Include="2 统计单词 - 升级版.cpp">
      <Filter>源文件\21ACM-2</Filter>
    </ClCompile>
    <ClCompile Include="6 纸牌游戏（2）.cpp">
      <Filter>源文件\21ACM-2</Filter>
    </ClCompile>
    <ClCompile Include="7 Permutation Integers.cpp">
      <Filter>源文件\21ACM-2</Filter>
    </ClCompile>
    <ClCompile Include="5 Little Gyro and Enigma.cpp">
      <Filter>源文件\21ACM-2</Filter>
    </ClCompile>
    <ClCompile Include="4 Team Queue.cpp">
      <Filter>源文件\21ACM-2</Filter>
    </ClCompile>
    <ClCompile Include="8 食物链.cpp">
      <Filter>源文件\21ACM-2</Filter>
    </ClCompile>
    <ClCompile Include="3 Anagrams.cpp">
      <Filter>源文件\21ACM-2</Filter>
    </ClCompile>
    <ClCompile Include="12 小希的迷宫.cpp">
      <Filter>源文件\21ACM-2</Filter>
    </ClCompile>
    <ClCompile Include="14 A Simple Problem with Integers.cpp">
      <Filter>源文件\21ACM-2</Filter>
    </ClCompile>
    <ClCompile Include="13 敌兵布阵.cpp">
      <Filter>源文件\21ACM-2</Filter>
    </ClCompile>
    <ClCompile Include="10 畅通工程2.cpp">
      <Filter>源文件\21ACM-2</Filter>
    </ClCompile>
    <ClCompile Include="11 畅通工程4.cpp">
      <Filter>源文件\21ACM-2</Filter>
    </ClCompile>
    <ClCompile Include="A - 活动安排.cpp">
      <Filter>源文件\CJLU21级：从0开始的ACM生活\专题一：贪心</Filter>
    </ClCompile>
    <ClCompile Include="B - 种树.cpp">
      <Filter>源文件\CJLU21级：从0开始的ACM生活\专题一：贪心</Filter>
    </ClCompile>
    <ClCompile Include="18 Phone List.cpp">
      <Filter>源文件\21ACM-2</Filter>
    </ClCompile>
    <ClCompile Include="杨辉三角形【第十二届】【省赛】【B组】p.cpp">
      <Filter>源文件\蓝桥杯练习</Filter>
    </ClCompile>
    <ClCompile Include="时间显示【第十二届】【省赛】【B组】.cpp">
      <Filter>源文件\蓝桥杯练习</Filter>
    </ClCompile>
    <ClCompile Include="22 背包模板.cpp">
      <Filter>源文件\21ACM-2</Filter>
    </ClCompile>
    <ClCompile Include="1 蛐蛐.cpp">
      <Filter>源文件\21ACM-2\期末</Filter>
    </ClCompile>
    <ClCompile Include="2 小明爱打牌.cpp">
      <Filter>源文件\21ACM-2\期末</Filter>
    </ClCompile>
  </ItemGroup>
</Project>